
Microsoft Visual Studio Solution File, Format Version 12.00
# Visual Studio Version 16
VisualStudioVersion = 16.0.31702.278
MinimumVisualStudioVersion = 10.0.40219.1
Project("{FAE04EC0-301F-11D3-BF4B-00C04F79EFBC}") = "02_Part", "02_Part.csproj", "{ED44F491-0972-48D4-822E-3227A7C1E900}"
EndProject
Global
	GlobalSection(SolutionConfigurationPlatforms) = preSolution
		Debug|Any CPU = Debug|Any CPU
		Release|Any CPU = Release|Any CPU
	EndGlobalSection
	GlobalSection(ProjectConfigurationPlatforms) = postSolution
		{ED44F491-0972-48D4-822E-3227A7C1E900}.Debug|Any CPU.ActiveCfg = Debug|Any CPU
		{ED44F491-0972-48D4-822E-3227A7C1E900}.Debug|Any CPU.Build.0 = Debug|Any CPU
		{ED44F491-0972-48D4-822E-3227A7C1E900}.Release|Any CPU.ActiveCfg = Release|Any CPU
		{ED44F491-0972-48D4-822E-3227A7C1E900}.Release|Any CPU.Build.0 = Release|Any CPU
	EndGlobalSection
	GlobalSection(SolutionProperties) = preSolution
		HideSolutionNode = FALSE
	EndGlobalSection
	GlobalSection(ExtensibilityGlobals) = postSolution
		SolutionGuid = {B29FF9C0-2D22-485E-BACF-2C9BC498A2CF}
	EndGlobalSection
EndGlobal
