
Microsoft Visual Studio Solution File, Format Version 12.00
# Blend for Visual Studio Version 16
VisualStudioVersion = 16.0.31702.278
MinimumVisualStudioVersion = 10.0.40219.1
Project("{FAE04EC0-301F-11D3-BF4B-00C04F79EFBC}") = "02_Part", "02_Part.csproj", "{93140BAD-B3EC-4A00-A28A-4B8A831B7957}"
EndProject
Global
	GlobalSection(SolutionConfigurationPlatforms) = preSolution
		Debug|Any CPU = Debug|Any CPU
		Release|Any CPU = Release|Any CPU
	EndGlobalSection
	GlobalSection(ProjectConfigurationPlatforms) = postSolution
		{93140BAD-B3EC-4A00-A28A-4B8A831B7957}.Debug|Any CPU.ActiveCfg = Debug|Any CPU
		{93140BAD-B3EC-4A00-A28A-4B8A831B7957}.Debug|Any CPU.Build.0 = Debug|Any CPU
		{93140BAD-B3EC-4A00-A28A-4B8A831B7957}.Release|Any CPU.ActiveCfg = Release|Any CPU
		{93140BAD-B3EC-4A00-A28A-4B8A831B7957}.Release|Any CPU.Build.0 = Release|Any CPU
	EndGlobalSection
	GlobalSection(SolutionProperties) = preSolution
		HideSolutionNode = FALSE
	EndGlobalSection
	GlobalSection(ExtensibilityGlobals) = postSolution
		SolutionGuid = {CEDEA045-3310-4FB1-ADA9-B169D9733DA2}
	EndGlobalSection
EndGlobal
