
Microsoft Visual Studio Solution File, Format Version 12.00
# Visual Studio Version 16
VisualStudioVersion = 16.0.31702.278
MinimumVisualStudioVersion = 10.0.40219.1
Project("{FAE04EC0-301F-11D3-BF4B-00C04F79EFBC}") = "01_Part", "01_Part.csproj", "{EB1C1422-3F52-4D51-98F2-A30E73A8AE63}"
EndProject
Global
	GlobalSection(SolutionConfigurationPlatforms) = preSolution
		Debug|Any CPU = Debug|Any CPU
		Release|Any CPU = Release|Any CPU
	EndGlobalSection
	GlobalSection(ProjectConfigurationPlatforms) = postSolution
		{EB1C1422-3F52-4D51-98F2-A30E73A8AE63}.Debug|Any CPU.ActiveCfg = Debug|Any CPU
		{EB1C1422-3F52-4D51-98F2-A30E73A8AE63}.Debug|Any CPU.Build.0 = Debug|Any CPU
		{EB1C1422-3F52-4D51-98F2-A30E73A8AE63}.Release|Any CPU.ActiveCfg = Release|Any CPU
		{EB1C1422-3F52-4D51-98F2-A30E73A8AE63}.Release|Any CPU.Build.0 = Release|Any CPU
	EndGlobalSection
	GlobalSection(SolutionProperties) = preSolution
		HideSolutionNode = FALSE
	EndGlobalSection
	GlobalSection(ExtensibilityGlobals) = postSolution
		SolutionGuid = {69958ADE-17DB-42E8-BA2A-86341233C4BD}
	EndGlobalSection
EndGlobal
