
Microsoft Visual Studio Solution File, Format Version 12.00
# Visual Studio Version 16
VisualStudioVersion = 16.0.31702.278
MinimumVisualStudioVersion = 10.0.40219.1
Project("{FAE04EC0-301F-11D3-BF4B-00C04F79EFBC}") = "01_Part", "01_Part.csproj", "{DDE63746-1D46-491F-8C3B-A641451C3535}"
EndProject
Global
	GlobalSection(SolutionConfigurationPlatforms) = preSolution
		Debug|Any CPU = Debug|Any CPU
		Release|Any CPU = Release|Any CPU
	EndGlobalSection
	GlobalSection(ProjectConfigurationPlatforms) = postSolution
		{DDE63746-1D46-491F-8C3B-A641451C3535}.Debug|Any CPU.ActiveCfg = Debug|Any CPU
		{DDE63746-1D46-491F-8C3B-A641451C3535}.Debug|Any CPU.Build.0 = Debug|Any CPU
		{DDE63746-1D46-491F-8C3B-A641451C3535}.Release|Any CPU.ActiveCfg = Release|Any CPU
		{DDE63746-1D46-491F-8C3B-A641451C3535}.Release|Any CPU.Build.0 = Release|Any CPU
	EndGlobalSection
	GlobalSection(SolutionProperties) = preSolution
		HideSolutionNode = FALSE
	EndGlobalSection
	GlobalSection(ExtensibilityGlobals) = postSolution
		SolutionGuid = {10874303-C227-4622-A92F-8D137517B731}
	EndGlobalSection
EndGlobal
