
Microsoft Visual Studio Solution File, Format Version 12.00
# Visual Studio Version 16
VisualStudioVersion = 16.0.30907.101
MinimumVisualStudioVersion = 10.0.40219.1
Project("{FAE04EC0-301F-11D3-BF4B-00C04F79EFBC}") = "02_Part", "02_Part.csproj", "{CC3306E0-029B-4547-976B-C5D36998314D}"
EndProject
Global
	GlobalSection(SolutionConfigurationPlatforms) = preSolution
		Debug|Any CPU = Debug|Any CPU
		Release|Any CPU = Release|Any CPU
	EndGlobalSection
	GlobalSection(ProjectConfigurationPlatforms) = postSolution
		{CC3306E0-029B-4547-976B-C5D36998314D}.Debug|Any CPU.ActiveCfg = Debug|Any CPU
		{CC3306E0-029B-4547-976B-C5D36998314D}.Debug|Any CPU.Build.0 = Debug|Any CPU
		{CC3306E0-029B-4547-976B-C5D36998314D}.Release|Any CPU.ActiveCfg = Release|Any CPU
		{CC3306E0-029B-4547-976B-C5D36998314D}.Release|Any CPU.Build.0 = Release|Any CPU
	EndGlobalSection
	GlobalSection(SolutionProperties) = preSolution
		HideSolutionNode = FALSE
	EndGlobalSection
	GlobalSection(ExtensibilityGlobals) = postSolution
		SolutionGuid = {E2B478EA-D36E-475C-B231-889DC08CFC03}
	EndGlobalSection
EndGlobal
